// !$*UTF8*$!
{
	archiveVersion = 1;
	classes = {
	};
	objectVersion = 56;
	objects = {

/* Begin PBXBuildFile section */
		7740D49529D32DE60057D233 /* FaceIDLoginApp.swift in Sources */ = {isa = PBXBuildFile; fileRef = 7740D49429D32DE60057D233 /* FaceIDLoginApp.swift */; };
		7740D49729D32DE60057D233 /* ContentView.swift in Sources */ = {isa = PBXBuildFile; fileRef = 7740D49629D32DE60057D233 /* ContentView.swift */; };
		7740D49929D32DE80057D233 /* Assets.xcassets in Resources */ = {isa = PBXBuildFile; fileRef = 7740D49829D32DE80057D233 /* Assets.xcassets */; };
		7740D49C29D32DE80057D233 /* Preview Assets.xcassets in Resources */ = {isa = PBXBuildFile; fileRef = 7740D49B29D32DE80057D233 /* Preview Assets.xcassets */; };
		7740D4A429D333E50057D233 /* FirebaseAuth in Frameworks */ = {isa = PBXBuildFile; productRef = 7740D4A329D333E50057D233 /* FirebaseAuth */; };
		7740D4A629D334EE0057D233 /* GoogleService-Info.plist in Resources */ = {isa = PBXBuildFile; fileRef = 7740D4A529D334EE0057D233 /* GoogleService-Info.plist */; };
		7740D4AA29D335BD0057D233 /* LoginPage.swift in Sources */ = {isa = PBXBuildFile; fileRef = 7740D4A929D335BD0057D233 /* LoginPage.swift */; };
		7740D4AC29D336F20057D233 /* LoginViewModel.swift in Sources */ = {isa = PBXBuildFile; fileRef = 7740D4AB29D336F20057D233 /* LoginViewModel.swift */; };
		7740D4AE29D340C10057D233 /* HomeView.swift in Sources */ = {isa = PBXBuildFile; fileRef = 7740D4AD29D340C10057D233 /* HomeView.swift */; };
		77EFA98329D4509E00293E9D /* keychainHelper.swift in Sources */ = {isa = PBXBuildFile; fileRef = 77EFA98229D4509E00293E9D /* keychainHelper.swift */; };
		77EFA98529D455F500293E9D /* KeychainPropertyWrapper.swift in Sources */ = {isa = PBXBuildFile; fileRef = 77EFA98429D455F500293E9D /* KeychainPropertyWrapper.swift */; };
/* End PBXBuildFile section */

/* Begin PBXFileReference section */
		7740D49129D32DE60057D233 /* FaceIDLogin.app */ = {isa = PBXFileReference; explicitFileType = wrapper.application; includeInIndex = 0; path = FaceIDLogin.app; sourceTree = BUILT_PRODUCTS_DIR; };
		7740D49429D32DE60057D233 /* FaceIDLoginApp.swift */ = {isa = PBXFileReference; lastKnownFileType = sourcecode.swift; path = FaceIDLoginApp.swift; sourceTree = "<group>"; };
		7740D49629D32DE60057D233 /* ContentView.swift */ = {isa = PBXFileReference; lastKnownFileType = sourcecode.swift; path = ContentView.swift; sourceTree = "<group>"; };
		7740D49829D32DE80057D233 /* Assets.xcassets */ = {isa = PBXFileReference; lastKnownFileType = folder.assetcatalog; path = Assets.xcassets; sourceTree = "<group>"; };
		7740D49B29D32DE80057D233 /* Preview Assets.xcassets */ = {isa = PBXFileReference; lastKnownFileType = folder.assetcatalog; path = "Preview Assets.xcassets"; sourceTree = "<group>"; };
		7740D4A529D334EE0057D233 /* GoogleService-Info.plist */ = {isa = PBXFileReference; fileEncoding = 4; lastKnownFileType = text.plist.xml; path = "GoogleService-Info.plist"; sourceTree = "<group>"; };
		7740D4A929D335BD0057D233 /* LoginPage.swift */ = {isa = PBXFileReference; lastKnownFileType = sourcecode.swift; path = LoginPage.swift; sourceTree = "<group>"; };
		7740D4AB29D336F20057D233 /* LoginViewModel.swift */ = {isa = PBXFileReference; lastKnownFileType = sourcecode.swift; path = LoginViewModel.swift; sourceTree = "<group>"; };
		7740D4AD29D340C10057D233 /* HomeView.swift */ = {isa = PBXFileReference; lastKnownFileType = sourcecode.swift; path = HomeView.swift; sourceTree = "<group>"; };
		77EFA98229D4509E00293E9D /* keychainHelper.swift */ = {isa = PBXFileReference; lastKnownFileType = sourcecode.swift; path = keychainHelper.swift; sourceTree = "<group>"; };
		77EFA98429D455F500293E9D /* KeychainPropertyWrapper.swift */ = {isa = PBXFileReference; lastKnownFileType = sourcecode.swift; path = KeychainPropertyWrapper.swift; sourceTree = "<group>"; };
/* End PBXFileReference section */

/* Begin PBXFrameworksBuildPhase section */
		7740D48E29D32DE60057D233 /* Frameworks */ = {
			isa = PBXFrameworksBuildPhase;
			buildActionMask = 2147483647;
			files = (
				7740D4A429D333E50057D233 /* FirebaseAuth in Frameworks */,
			);
			runOnlyForDeploymentPostprocessing = 0;
		};
/* End PBXFrameworksBuildPhase section */

/* Begin PBXGroup section */
		7740D48829D32DE60057D233 = {
			isa = PBXGroup;
			children = (
				7740D4A529D334EE0057D233 /* GoogleService-Info.plist */,
				7740D49329D32DE60057D233 /* FaceIDLogin */,
				7740D49229D32DE60057D233 /* Products */,
			);
			sourceTree = "<group>";
		};
		7740D49229D32DE60057D233 /* Products */ = {
			isa = PBXGroup;
			children = (
				7740D49129D32DE60057D233 /* FaceIDLogin.app */,
			);
			name = Products;
			sourceTree = "<group>";
		};
		7740D49329D32DE60057D233 /* FaceIDLogin */ = {
			isa = PBXGroup;
			children = (
				77EFA98129D4507800293E9D /* Helper */,
				7740D4A829D335130057D233 /* ViewModel */,
				7740D4A729D3350D0057D233 /* View */,
				7740D49429D32DE60057D233 /* FaceIDLoginApp.swift */,
				7740D49829D32DE80057D233 /* Assets.xcassets */,
				7740D49A29D32DE80057D233 /* Preview Content */,
			);
			path = FaceIDLogin;
			sourceTree = "<group>";
		};
		7740D49A29D32DE80057D233 /* Preview Content */ = {
			isa = PBXGroup;
			children = (
				7740D49B29D32DE80057D233 /* Preview Assets.xcassets */,
			);
			path = "Preview Content";
			sourceTree = "<group>";
		};
		7740D4A729D3350D0057D233 /* View */ = {
			isa = PBXGroup;
			children = (
				7740D49629D32DE60057D233 /* ContentView.swift */,
				7740D4A929D335BD0057D233 /* LoginPage.swift */,
				7740D4AD29D340C10057D233 /* HomeView.swift */,
			);
			path = View;
			sourceTree = "<group>";
		};
		7740D4A829D335130057D233 /* ViewModel */ = {
			isa = PBXGroup;
			children = (
				7740D4AB29D336F20057D233 /* LoginViewModel.swift */,
			);
			path = ViewModel;
			sourceTree = "<group>";
		};
		77EFA98129D4507800293E9D /* Helper */ = {
			isa = PBXGroup;
			children = (
				77EFA98229D4509E00293E9D /* keychainHelper.swift */,
				77EFA98429D455F500293E9D /* KeychainPropertyWrapper.swift */,
			);
			path = Helper;
			sourceTree = "<group>";
		};
/* End PBXGroup section */

/* Begin PBXNativeTarget section */
		7740D49029D32DE60057D233 /* FaceIDLogin */ = {
			isa = PBXNativeTarget;
			buildConfigurationList = 7740D49F29D32DE80057D233 /* Build configuration list for PBXNativeTarget "FaceIDLogin" */;
			buildPhases = (
				7740D48D29D32DE60057D233 /* Sources */,
				7740D48E29D32DE60057D233 /* Frameworks */,
				7740D48F29D32DE60057D233 /* Resources */,
			);
			buildRules = (
			);
			dependencies = (
			);
			name = FaceIDLogin;
			packageProductDependencies = (
				7740D4A329D333E50057D233 /* FirebaseAuth */,
			);
			productName = FaceIDLogin;
			productReference = 7740D49129D32DE60057D233 /* FaceIDLogin.app */;
			productType = "com.apple.product-type.application";
		};
/* End PBXNativeTarget section */

/* Begin PBXProject section */
		7740D48929D32DE60057D233 /* Project object */ = {
			isa = PBXProject;
			attributes = {
				BuildIndependentTargetsInParallel = 1;
				LastSwiftUpdateCheck = 1400;
				LastUpgradeCheck = 1400;
				TargetAttributes = {
					7740D49029D32DE60057D233 = {
						CreatedOnToolsVersion = 14.0;
					};
				};
			};
			buildConfigurationList = 7740D48C29D32DE60057D233 /* Build configuration list for PBXProject "FaceIDLogin" */;
			compatibilityVersion = "Xcode 14.0";
			developmentRegion = en;
			hasScannedForEncodings = 0;
			knownRegions = (
				en,
				Base,
			);
			mainGroup = 7740D48829D32DE60057D233;
			packageReferences = (
				7740D4A229D333E50057D233 /* XCRemoteSwiftPackageReference "firebase-ios-sdk" */,
			);
			productRefGroup = 7740D49229D32DE60057D233 /* Products */;
			projectDirPath = "";
			projectRoot = "";
			targets = (
				7740D49029D32DE60057D233 /* FaceIDLogin */,
			);
		};
/* End PBXProject section */

/* Begin PBXResourcesBuildPhase section */
		7740D48F29D32DE60057D233 /* Resources */ = {
			isa = PBXResourcesBuildPhase;
			buildActionMask = 2147483647;
			files = (
				7740D49C29D32DE80057D233 /* Preview Assets.xcassets in Resources */,
				7740D49929D32DE80057D233 /* Assets.xcassets in Resources */,
				7740D4A629D334EE0057D233 /* GoogleService-Info.plist in Resources */,
			);
			runOnlyForDeploymentPostprocessing = 0;
		};
/* End PBXResourcesBuildPhase section */

/* Begin PBXSourcesBuildPhase section */
		7740D48D29D32DE60057D233 /* Sources */ = {
			isa = PBXSourcesBuildPhase;
			buildActionMask = 2147483647;
			files = (
				7740D4AC29D336F20057D233 /* LoginViewModel.swift in Sources */,
				77EFA98329D4509E00293E9D /* keychainHelper.swift in Sources */,
				7740D49729D32DE60057D233 /* ContentView.swift in Sources */,
				7740D4AA29D335BD0057D233 /* LoginPage.swift in Sources */,
				7740D4AE29D340C10057D233 /* HomeView.swift in Sources */,
				77EFA98529D455F500293E9D /* KeychainPropertyWrapper.swift in Sources */,
				7740D49529D32DE60057D233 /* FaceIDLoginApp.swift in Sources */,
			);
			runOnlyForDeploymentPostprocessing = 0;
		};
/* End PBXSourcesBuildPhase section */

/* Begin XCBuildConfiguration section */
		7740D49D29D32DE80057D233 /* Debug */ = {
			isa = XCBuildConfiguration;
			buildSettings = {
				ALWAYS_SEARCH_USER_PATHS = NO;
				CLANG_ANALYZER_NONNULL = YES;
				CLANG_ANALYZER_NUMBER_OBJECT_CONVERSION = YES_AGGRESSIVE;
				CLANG_CXX_LANGUAGE_STANDARD = "gnu++20";
				CLANG_ENABLE_MODULES = YES;
				CLANG_ENABLE_OBJC_ARC = YES;
				CLANG_ENABLE_OBJC_WEAK = YES;
				CLANG_WARN_BLOCK_CAPTURE_AUTORELEASING = YES;
				CLANG_WARN_BOOL_CONVERSION = YES;
				CLANG_WARN_COMMA = YES;
				CLANG_WARN_CONSTANT_CONVERSION = YES;
				CLANG_WARN_DEPRECATED_OBJC_IMPLEMENTATIONS = YES;
				CLANG_WARN_DIRECT_OBJC_ISA_USAGE = YES_ERROR;
				CLANG_WARN_DOCUMENTATION_COMMENTS = YES;
				CLANG_WARN_EMPTY_BODY = YES;
				CLANG_WARN_ENUM_CONVERSION = YES;
				CLANG_WARN_INFINITE_RECURSION = YES;
				CLANG_WARN_INT_CONVERSION = YES;
				CLANG_WARN_NON_LITERAL_NULL_CONVERSION = YES;
				CLANG_WARN_OBJC_IMPLICIT_RETAIN_SELF = YES;
				CLANG_WARN_OBJC_LITERAL_CONVERSION = YES;
				CLANG_WARN_OBJC_ROOT_CLASS = YES_ERROR;
				CLANG_WARN_QUOTED_INCLUDE_IN_FRAMEWORK_HEADER = YES;
				CLANG_WARN_RANGE_LOOP_ANALYSIS = YES;
				CLANG_WARN_STRICT_PROTOTYPES = YES;
				CLANG_WARN_SUSPICIOUS_MOVE = YES;
				CLANG_WARN_UNGUARDED_AVAILABILITY = YES_AGGRESSIVE;
				CLANG_WARN_UNREACHABLE_CODE = YES;
				CLANG_WARN__DUPLICATE_METHOD_MATCH = YES;
				COPY_PHASE_STRIP = NO;
				DEBUG_INFORMATION_FORMAT = dwarf;
				ENABLE_STRICT_OBJC_MSGSEND = YES;
				ENABLE_TESTABILITY = YES;
				GCC_C_LANGUAGE_STANDARD = gnu11;
				GCC_DYNAMIC_NO_PIC = NO;
				GCC_NO_COMMON_BLOCKS = YES;
				GCC_OPTIMIZATION_LEVEL = 0;
				GCC_PREPROCESSOR_DEFINITIONS = (
					"DEBUG=1",
					"$(inherited)",
				);
				GCC_WARN_64_TO_32_BIT_CONVERSION = YES;
				GCC_WARN_ABOUT_RETURN_TYPE = YES_ERROR;
				GCC_WARN_UNDECLARED_SELECTOR = YES;
				GCC_WARN_UNINITIALIZED_AUTOS = YES_AGGRESSIVE;
				GCC_WARN_UNUSED_FUNCTION = YES;
				GCC_WARN_UNUSED_VARIABLE = YES;
				IPHONEOS_DEPLOYMENT_TARGET = 16.0;
				MTL_ENABLE_DEBUG_INFO = INCLUDE_SOURCE;
				MTL_FAST_MATH = YES;
				ONLY_ACTIVE_ARCH = YES;
				SDKROOT = iphoneos;
				SWIFT_ACTIVE_COMPILATION_CONDITIONS = DEBUG;
				SWIFT_OPTIMIZATION_LEVEL = "-Onone";
			};
			name = Debug;
		};
		7740D49E29D32DE80057D233 /* Release */ = {
			isa = XCBuildConfiguration;
			buildSettings = {
				ALWAYS_SEARCH_USER_PATHS = NO;
				CLANG_ANALYZER_NONNULL = YES;
				CLANG_ANALYZER_NUMBER_OBJECT_CONVERSION = YES_AGGRESSIVE;
				CLANG_CXX_LANGUAGE_STANDARD = "gnu++20";
				CLANG_ENABLE_MODULES = YES;
				CLANG_ENABLE_OBJC_ARC = YES;
				CLANG_ENABLE_OBJC_WEAK = YES;
				CLANG_WARN_BLOCK_CAPTURE_AUTORELEASING = YES;
				CLANG_WARN_BOOL_CONVERSION = YES;
				CLANG_WARN_COMMA = YES;
				CLANG_WARN_CONSTANT_CONVERSION = YES;
				CLANG_WARN_DEPRECATED_OBJC_IMPLEMENTATIONS = YES;
				CLANG_WARN_DIRECT_OBJC_ISA_USAGE = YES_ERROR;
				CLANG_WARN_DOCUMENTATION_COMMENTS = YES;
				CLANG_WARN_EMPTY_BODY = YES;
				CLANG_WARN_ENUM_CONVERSION = YES;
				CLANG_WARN_INFINITE_RECURSION = YES;
				CLANG_WARN_INT_CONVERSION = YES;
				CLANG_WARN_NON_LITERAL_NULL_CONVERSION = YES;
				CLANG_WARN_OBJC_IMPLICIT_RETAIN_SELF = YES;
				CLANG_WARN_OBJC_LITERAL_CONVERSION = YES;
				CLANG_WARN_OBJC_ROOT_CLASS = YES_ERROR;
				CLANG_WARN_QUOTED_INCLUDE_IN_FRAMEWORK_HEADER = YES;
				CLANG_WARN_RANGE_LOOP_ANALYSIS = YES;
				CLANG_WARN_STRICT_PROTOTYPES = YES;
				CLANG_WARN_SUSPICIOUS_MOVE = YES;
				CLANG_WARN_UNGUARDED_AVAILABILITY = YES_AGGRESSIVE;
				CLANG_WARN_UNREACHABLE_CODE = YES;
				CLANG_WARN__DUPLICATE_METHOD_MATCH = YES;
				COPY_PHASE_STRIP = NO;
				DEBUG_INFORMATION_FORMAT = "dwarf-with-dsym";
				ENABLE_NS_ASSERTIONS = NO;
				ENABLE_STRICT_OBJC_MSGSEND = YES;
				GCC_C_LANGUAGE_STANDARD = gnu11;
				GCC_NO_COMMON_BLOCKS = YES;
				GCC_WARN_64_TO_32_BIT_CONVERSION = YES;
				GCC_WARN_ABOUT_RETURN_TYPE = YES_ERROR;
				GCC_WARN_UNDECLARED_SELECTOR = YES;
				GCC_WARN_UNINITIALIZED_AUTOS = YES_AGGRESSIVE;
				GCC_WARN_UNUSED_FUNCTION = YES;
				GCC_WARN_UNUSED_VARIABLE = YES;
				IPHONEOS_DEPLOYMENT_TARGET = 16.0;
				MTL_ENABLE_DEBUG_INFO = NO;
				MTL_FAST_MATH = YES;
				SDKROOT = iphoneos;
				SWIFT_COMPILATION_MODE = wholemodule;
				SWIFT_OPTIMIZATION_LEVEL = "-O";
				VALIDATE_PRODUCT = YES;
			};
			name = Release;
		};
		7740D4A029D32DE80057D233 /* Debug */ = {
			isa = XCBuildConfiguration;
			buildSettings = {
				ASSETCATALOG_COMPILER_APPICON_NAME = AppIcon;
				ASSETCATALOG_COMPILER_GLOBAL_ACCENT_COLOR_NAME = AccentColor;
				CODE_SIGN_STYLE = Automatic;
				CURRENT_PROJECT_VERSION = 1;
				DEVELOPMENT_ASSET_PATHS = "\"FaceIDLogin/Preview Content\"";
				DEVELOPMENT_TEAM = 583V6D744G;
				ENABLE_PREVIEWS = YES;
				GENERATE_INFOPLIST_FILE = YES;
				INFOPLIST_KEY_NSFaceIDUsageDescription = "To Login";
				INFOPLIST_KEY_UIApplicationSceneManifest_Generation = YES;
				INFOPLIST_KEY_UIApplicationSupportsIndirectInputEvents = YES;
				INFOPLIST_KEY_UILaunchScreen_Generation = YES;
				INFOPLIST_KEY_UISupportedInterfaceOrientations_iPad = "UIInterfaceOrientationPortrait UIInterfaceOrientationPortraitUpsideDown UIInterfaceOrientationLandscapeLeft UIInterfaceOrientationLandscapeRight";
				INFOPLIST_KEY_UISupportedInterfaceOrientations_iPhone = "UIInterfaceOrientationPortrait UIInterfaceOrientationLandscapeLeft UIInterfaceOrientationLandscapeRight";
				LD_RUNPATH_SEARCH_PATHS = (
					"$(inherited)",
					"@executable_path/Frameworks",
				);
				MARKETING_VERSION = 1.0;
				PRODUCT_BUNDLE_IDENTIFIER = com.pelin.FaceIDLogin;
				PRODUCT_NAME = "$(TARGET_NAME)";
				SWIFT_EMIT_LOC_STRINGS = YES;
				SWIFT_VERSION = 5.0;
				TARGETED_DEVICE_FAMILY = "1,2";
			};
			name = Debug;
		};
		7740D4A129D32DE80057D233 /* Release */ = {
			isa = XCBuildConfiguration;
			buildSettings = {
				ASSETCATALOG_COMPILER_APPICON_NAME = AppIcon;
				ASSETCATALOG_COMPILER_GLOBAL_ACCENT_COLOR_NAME = AccentColor;
				CODE_SIGN_STYLE = Automatic;
				CURRENT_PROJECT_VERSION = 1;
				DEVELOPMENT_ASSET_PATHS = "\"FaceIDLogin/Preview Content\"";
				DEVELOPMENT_TEAM = 583V6D744G;
				ENABLE_PREVIEWS = YES;
				GENERATE_INFOPLIST_FILE = YES;
				INFOPLIST_KEY_NSFaceIDUsageDescription = "To Login";
				INFOPLIST_KEY_UIApplicationSceneManifest_Generation = YES;
				INFOPLIST_KEY_UIApplicationSupportsIndirectInputEvents = YES;
				INFOPLIST_KEY_UILaunchScreen_Generation = YES;
				INFOPLIST_KEY_UISupportedInterfaceOrientations_iPad = "UIInterfaceOrientationPortrait UIInterfaceOrientationPortraitUpsideDown UIInterfaceOrientationLandscapeLeft UIInterfaceOrientationLandscapeRight";
				INFOPLIST_KEY_UISupportedInterfaceOrientations_iPhone = "UIInterfaceOrientationPortrait UIInterfaceOrientationLandscapeLeft UIInterfaceOrientationLandscapeRight";
				LD_RUNPATH_SEARCH_PATHS = (
					"$(inherited)",
					"@executable_path/Frameworks",
				);
				MARKETING_VERSION = 1.0;
				PRODUCT_BUNDLE_IDENTIFIER = com.pelin.FaceIDLogin;
				PRODUCT_NAME = "$(TARGET_NAME)";
				SWIFT_EMIT_LOC_STRINGS = YES;
				SWIFT_VERSION = 5.0;
				TARGETED_DEVICE_FAMILY = "1,2";
			};
			name = Release;
		};
/* End XCBuildConfiguration section */

/* Begin XCConfigurationList section */
		7740D48C29D32DE60057D233 /* Build configuration list for PBXProject "FaceIDLogin" */ = {
			isa = XCConfigurationList;
			buildConfigurations = (
				7740D49D29D32DE80057D233 /* Debug */,
				7740D49E29D32DE80057D233 /* Release */,
			);
			defaultConfigurationIsVisible = 0;
			defaultConfigurationName = Release;
		};
		7740D49F29D32DE80057D233 /* Build configuration list for PBXNativeTarget "FaceIDLogin" */ = {
			isa = XCConfigurationList;
			buildConfigurations = (
				7740D4A029D32DE80057D233 /* Debug */,
				7740D4A129D32DE80057D233 /* Release */,
			);
			defaultConfigurationIsVisible = 0;
			defaultConfigurationName = Release;
		};
/* End XCConfigurationList section */

/* Begin XCRemoteSwiftPackageReference section */
		7740D4A229D333E50057D233 /* XCRemoteSwiftPackageReference "firebase-ios-sdk" */ = {
			isa = XCRemoteSwiftPackageReference;
			repositoryURL = "https://github.com/firebase/firebase-ios-sdk.git";
			requirement = {
				kind = upToNextMajorVersion;
				minimumVersion = 9.0.0;
			};
		};
/* End XCRemoteSwiftPackageReference section */

/* Begin XCSwiftPackageProductDependency section */
		7740D4A329D333E50057D233 /* FirebaseAuth */ = {
			isa = XCSwiftPackageProductDependency;
			package = 7740D4A229D333E50057D233 /* XCRemoteSwiftPackageReference "firebase-ios-sdk" */;
			productName = FirebaseAuth;
		};
/* End XCSwiftPackageProductDependency section */
	};
	rootObject = 7740D48929D32DE60057D233 /* Project object */;
}
